// !$*UTF8*$!
{
	archiveVersion = 1;
	classes = {
	};
	objectVersion = 56;
	objects = {

/* Begin PBXBuildFile section */
		11AEF6F62B9965AA00E3BC46 /* RecipeTableViewCell.swift in Sources */ = {isa = PBXBuildFile; fileRef = 11AEF6F52B9965AA00E3BC46 /* RecipeTableViewCell.swift */; };
		11AEF6FD2B996FA300E3BC46 /* Cloudinary in Frameworks */ = {isa = PBXBuildFile; productRef = 11AEF6FC2B996FA300E3BC46 /* Cloudinary */; };
		11AEF6FF2B9984B100E3BC46 /* Models.swift in Sources */ = {isa = PBXBuildFile; fileRef = 11AEF6FE2B9984B100E3BC46 /* Models.swift */; };
		11AEF7012B9A9C5F00E3BC46 /* AddRecipeConfirmationViewController.swift in Sources */ = {isa = PBXBuildFile; fileRef = 11AEF7002B9A9C5F00E3BC46 /* AddRecipeConfirmationViewController.swift */; };
		11BC19752B96905700CCCBCE /* Assets.xcassets in Resources */ = {isa = PBXBuildFile; fileRef = 11BC19742B96905700CCCBCE /* Assets.xcassets */; };
		11BC19782B96905700CCCBCE /* Preview Assets.xcassets in Resources */ = {isa = PBXBuildFile; fileRef = 11BC19772B96905700CCCBCE /* Preview Assets.xcassets */; };
		11BC197F2B96914300CCCBCE /* .env in Resources */ = {isa = PBXBuildFile; fileRef = 11BC197E2B96914300CCCBCE /* .env */; };
		11BC19812B9691F400CCCBCE /* server.js in Resources */ = {isa = PBXBuildFile; fileRef = 11BC19802B9691F400CCCBCE /* server.js */; };
		11BC198D2B96AF3D00CCCBCE /* RecipeListViewController.swift in Sources */ = {isa = PBXBuildFile; fileRef = 11BC198C2B96AF3D00CCCBCE /* RecipeListViewController.swift */; };
		11BC198F2B96B6FD00CCCBCE /* Procfile in Resources */ = {isa = PBXBuildFile; fileRef = 11BC198E2B96B6FD00CCCBCE /* Procfile */; };
		11BC19912B96D83700CCCBCE /* RecipeDetailViewController.swift in Sources */ = {isa = PBXBuildFile; fileRef = 11BC19902B96D83700CCCBCE /* RecipeDetailViewController.swift */; };
		11BC19952B96DBC300CCCBCE /* SceneDelegate.swift in Sources */ = {isa = PBXBuildFile; fileRef = 11BC19942B96DBC300CCCBCE /* SceneDelegate.swift */; };
		11BC19972B96DDB400CCCBCE /* AppDelegate.swift in Sources */ = {isa = PBXBuildFile; fileRef = 11BC19962B96DDB400CCCBCE /* AppDelegate.swift */; };
/* End PBXBuildFile section */

/* Begin PBXFileReference section */
		11AEF6F52B9965AA00E3BC46 /* RecipeTableViewCell.swift */ = {isa = PBXFileReference; lastKnownFileType = sourcecode.swift; path = RecipeTableViewCell.swift; sourceTree = "<group>"; };
		11AEF6FE2B9984B100E3BC46 /* Models.swift */ = {isa = PBXFileReference; lastKnownFileType = sourcecode.swift; path = Models.swift; sourceTree = "<group>"; };
		11AEF7002B9A9C5F00E3BC46 /* AddRecipeConfirmationViewController.swift */ = {isa = PBXFileReference; lastKnownFileType = sourcecode.swift; path = AddRecipeConfirmationViewController.swift; sourceTree = "<group>"; };
		11BC196D2B96905600CCCBCE /* RecipAI.app */ = {isa = PBXFileReference; explicitFileType = wrapper.application; includeInIndex = 0; path = RecipAI.app; sourceTree = BUILT_PRODUCTS_DIR; };
		11BC19742B96905700CCCBCE /* Assets.xcassets */ = {isa = PBXFileReference; lastKnownFileType = folder.assetcatalog; path = Assets.xcassets; sourceTree = "<group>"; };
		11BC19772B96905700CCCBCE /* Preview Assets.xcassets */ = {isa = PBXFileReference; lastKnownFileType = folder.assetcatalog; path = "Preview Assets.xcassets"; sourceTree = "<group>"; };
		11BC197E2B96914300CCCBCE /* .env */ = {isa = PBXFileReference; lastKnownFileType = text; path = .env; sourceTree = "<group>"; };
		11BC19802B9691F400CCCBCE /* server.js */ = {isa = PBXFileReference; lastKnownFileType = sourcecode.javascript; path = server.js; sourceTree = "<group>"; };
		11BC198C2B96AF3D00CCCBCE /* RecipeListViewController.swift */ = {isa = PBXFileReference; lastKnownFileType = sourcecode.swift; path = RecipeListViewController.swift; sourceTree = "<group>"; };
		11BC198E2B96B6FD00CCCBCE /* Procfile */ = {isa = PBXFileReference; lastKnownFileType = text; path = Procfile; sourceTree = "<group>"; };
		11BC19902B96D83700CCCBCE /* RecipeDetailViewController.swift */ = {isa = PBXFileReference; lastKnownFileType = sourcecode.swift; path = RecipeDetailViewController.swift; sourceTree = "<group>"; };
		11BC19942B96DBC300CCCBCE /* SceneDelegate.swift */ = {isa = PBXFileReference; lastKnownFileType = sourcecode.swift; path = SceneDelegate.swift; sourceTree = "<group>"; };
		11BC19962B96DDB400CCCBCE /* AppDelegate.swift */ = {isa = PBXFileReference; lastKnownFileType = sourcecode.swift; name = AppDelegate.swift; path = ../AppDelegate.swift; sourceTree = "<group>"; };
		11BC19982B96DEA200CCCBCE /* Info.plist */ = {isa = PBXFileReference; lastKnownFileType = text.plist; path = Info.plist; sourceTree = "<group>"; };
/* End PBXFileReference section */

/* Begin PBXFrameworksBuildPhase section */
		11BC196A2B96905600CCCBCE /* Frameworks */ = {
			isa = PBXFrameworksBuildPhase;
			buildActionMask = 2147483647;
			files = (
				11AEF6FD2B996FA300E3BC46 /* Cloudinary in Frameworks */,
			);
			runOnlyForDeploymentPostprocessing = 0;
		};
/* End PBXFrameworksBuildPhase section */

/* Begin PBXGroup section */
		11BC19642B96905600CCCBCE = {
			isa = PBXGroup;
			children = (
				11BC198E2B96B6FD00CCCBCE /* Procfile */,
				11BC197E2B96914300CCCBCE /* .env */,
				11BC19802B9691F400CCCBCE /* server.js */,
				11BC196F2B96905600CCCBCE /* RecipAI */,
				11BC196E2B96905600CCCBCE /* Products */,
			);
			sourceTree = "<group>";
		};
		11BC196E2B96905600CCCBCE /* Products */ = {
			isa = PBXGroup;
			children = (
				11BC196D2B96905600CCCBCE /* RecipAI.app */,
			);
			name = Products;
			sourceTree = "<group>";
		};
		11BC196F2B96905600CCCBCE /* RecipAI */ = {
			isa = PBXGroup;
			children = (
				11BC19982B96DEA200CCCBCE /* Info.plist */,
				11AEF6FE2B9984B100E3BC46 /* Models.swift */,
				11BC19962B96DDB400CCCBCE /* AppDelegate.swift */,
				11BC19942B96DBC300CCCBCE /* SceneDelegate.swift */,
				11AEF6F52B9965AA00E3BC46 /* RecipeTableViewCell.swift */,
				11BC198C2B96AF3D00CCCBCE /* RecipeListViewController.swift */,
				11AEF7002B9A9C5F00E3BC46 /* AddRecipeConfirmationViewController.swift */,
				11BC19902B96D83700CCCBCE /* RecipeDetailViewController.swift */,
				11BC19742B96905700CCCBCE /* Assets.xcassets */,
				11BC19762B96905700CCCBCE /* Preview Content */,
			);
			path = RecipAI;
			sourceTree = "<group>";
		};
		11BC19762B96905700CCCBCE /* Preview Content */ = {
			isa = PBXGroup;
			children = (
				11BC19772B96905700CCCBCE /* Preview Assets.xcassets */,
			);
			path = "Preview Content";
			sourceTree = "<group>";
		};
/* End PBXGroup section */

/* Begin PBXNativeTarget section */
		11BC196C2B96905600CCCBCE /* RecipAI */ = {
			isa = PBXNativeTarget;
			buildConfigurationList = 11BC197B2B96905700CCCBCE /* Build configuration list for PBXNativeTarget "RecipAI" */;
			buildPhases = (
				11BC19692B96905600CCCBCE /* Sources */,
				11BC196A2B96905600CCCBCE /* Frameworks */,
				11BC196B2B96905600CCCBCE /* Resources */,
			);
			buildRules = (
			);
			dependencies = (
			);
			name = RecipAI;
			packageProductDependencies = (
				11AEF6FC2B996FA300E3BC46 /* Cloudinary */,
			);
			productName = RecipAI;
			productReference = 11BC196D2B96905600CCCBCE /* RecipAI.app */;
			productType = "com.apple.product-type.application";
		};
/* End PBXNativeTarget section */

/* Begin PBXProject section */
		11BC19652B96905600CCCBCE /* Project object */ = {
			isa = PBXProject;
			attributes = {
				BuildIndependentTargetsInParallel = 1;
				LastSwiftUpdateCheck = 1520;
				LastUpgradeCheck = 1520;
				TargetAttributes = {
					11BC196C2B96905600CCCBCE = {
						CreatedOnToolsVersion = 15.2;
					};
				};
			};
			buildConfigurationList = 11BC19682B96905600CCCBCE /* Build configuration list for PBXProject "RecipAI" */;
			compatibilityVersion = "Xcode 14.0";
			developmentRegion = en;
			hasScannedForEncodings = 0;
			knownRegions = (
				en,
				Base,
			);
			mainGroup = 11BC19642B96905600CCCBCE;
			packageReferences = (
				11AEF6FB2B996FA300E3BC46 /* XCRemoteSwiftPackageReference "cloudinary_ios" */,
			);
			productRefGroup = 11BC196E2B96905600CCCBCE /* Products */;
			projectDirPath = "";
			projectRoot = "";
			targets = (
				11BC196C2B96905600CCCBCE /* RecipAI */,
			);
		};
/* End PBXProject section */

/* Begin PBXResourcesBuildPhase section */
		11BC196B2B96905600CCCBCE /* Resources */ = {
			isa = PBXResourcesBuildPhase;
			buildActionMask = 2147483647;
			files = (
				11BC198F2B96B6FD00CCCBCE /* Procfile in Resources */,
				11BC197F2B96914300CCCBCE /* .env in Resources */,
				11BC19782B96905700CCCBCE /* Preview Assets.xcassets in Resources */,
				11BC19752B96905700CCCBCE /* Assets.xcassets in Resources */,
				11BC19812B9691F400CCCBCE /* server.js in Resources */,
			);
			runOnlyForDeploymentPostprocessing = 0;
		};
/* End PBXResourcesBuildPhase section */

/* Begin PBXSourcesBuildPhase section */
		11BC19692B96905600CCCBCE /* Sources */ = {
			isa = PBXSourcesBuildPhase;
			buildActionMask = 2147483647;
			files = (
				11BC19972B96DDB400CCCBCE /* AppDelegate.swift in Sources */,
				11BC19912B96D83700CCCBCE /* RecipeDetailViewController.swift in Sources */,
				11AEF6FF2B9984B100E3BC46 /* Models.swift in Sources */,
				11BC198D2B96AF3D00CCCBCE /* RecipeListViewController.swift in Sources */,
				11AEF7012B9A9C5F00E3BC46 /* AddRecipeConfirmationViewController.swift in Sources */,
				11AEF6F62B9965AA00E3BC46 /* RecipeTableViewCell.swift in Sources */,
				11BC19952B96DBC300CCCBCE /* SceneDelegate.swift in Sources */,
			);
			runOnlyForDeploymentPostprocessing = 0;
		};
/* End PBXSourcesBuildPhase section */

/* Begin XCBuildConfiguration section */
		11BC19792B96905700CCCBCE /* Debug */ = {
			isa = XCBuildConfiguration;
			buildSettings = {
				ALWAYS_SEARCH_USER_PATHS = NO;
				ASSETCATALOG_COMPILER_GENERATE_SWIFT_ASSET_SYMBOL_EXTENSIONS = YES;
				CLANG_ANALYZER_NONNULL = YES;
				CLANG_ANALYZER_NUMBER_OBJECT_CONVERSION = YES_AGGRESSIVE;
				CLANG_CXX_LANGUAGE_STANDARD = "gnu++20";
				CLANG_ENABLE_MODULES = YES;
				CLANG_ENABLE_OBJC_ARC = YES;
				CLANG_ENABLE_OBJC_WEAK = YES;
				CLANG_WARN_BLOCK_CAPTURE_AUTORELEASING = YES;
				CLANG_WARN_BOOL_CONVERSION = YES;
				CLANG_WARN_COMMA = YES;
				CLANG_WARN_CONSTANT_CONVERSION = YES;
				CLANG_WARN_DEPRECATED_OBJC_IMPLEMENTATIONS = YES;
				CLANG_WARN_DIRECT_OBJC_ISA_USAGE = YES_ERROR;
				CLANG_WARN_DOCUMENTATION_COMMENTS = YES;
				CLANG_WARN_EMPTY_BODY = YES;
				CLANG_WARN_ENUM_CONVERSION = YES;
				CLANG_WARN_INFINITE_RECURSION = YES;
				CLANG_WARN_INT_CONVERSION = YES;
				CLANG_WARN_NON_LITERAL_NULL_CONVERSION = YES;
				CLANG_WARN_OBJC_IMPLICIT_RETAIN_SELF = YES;
				CLANG_WARN_OBJC_LITERAL_CONVERSION = YES;
				CLANG_WARN_OBJC_ROOT_CLASS = YES_ERROR;
				CLANG_WARN_QUOTED_INCLUDE_IN_FRAMEWORK_HEADER = YES;
				CLANG_WARN_RANGE_LOOP_ANALYSIS = YES;
				CLANG_WARN_STRICT_PROTOTYPES = YES;
				CLANG_WARN_SUSPICIOUS_MOVE = YES;
				CLANG_WARN_UNGUARDED_AVAILABILITY = YES_AGGRESSIVE;
				CLANG_WARN_UNREACHABLE_CODE = YES;
				CLANG_WARN__DUPLICATE_METHOD_MATCH = YES;
				COPY_PHASE_STRIP = NO;
				DEBUG_INFORMATION_FORMAT = dwarf;
				ENABLE_STRICT_OBJC_MSGSEND = YES;
				ENABLE_TESTABILITY = YES;
				ENABLE_USER_SCRIPT_SANDBOXING = YES;
				GCC_C_LANGUAGE_STANDARD = gnu17;
				GCC_DYNAMIC_NO_PIC = NO;
				GCC_NO_COMMON_BLOCKS = YES;
				GCC_OPTIMIZATION_LEVEL = 0;
				GCC_PREPROCESSOR_DEFINITIONS = (
					"DEBUG=1",
					"$(inherited)",
				);
				GCC_WARN_64_TO_32_BIT_CONVERSION = YES;
				GCC_WARN_ABOUT_RETURN_TYPE = YES_ERROR;
				GCC_WARN_UNDECLARED_SELECTOR = YES;
				GCC_WARN_UNINITIALIZED_AUTOS = YES_AGGRESSIVE;
				GCC_WARN_UNUSED_FUNCTION = YES;
				GCC_WARN_UNUSED_VARIABLE = YES;
				IPHONEOS_DEPLOYMENT_TARGET = 17.2;
				LOCALIZATION_PREFERS_STRING_CATALOGS = YES;
				MTL_ENABLE_DEBUG_INFO = INCLUDE_SOURCE;
				MTL_FAST_MATH = YES;
				ONLY_ACTIVE_ARCH = YES;
				SDKROOT = iphoneos;
				SWIFT_ACTIVE_COMPILATION_CONDITIONS = "DEBUG $(inherited)";
				SWIFT_OPTIMIZATION_LEVEL = "-Onone";
			};
			name = Debug;
		};
		11BC197A2B96905700CCCBCE /* Release */ = {
			isa = XCBuildConfiguration;
			buildSettings = {
				ALWAYS_SEARCH_USER_PATHS = NO;
				ASSETCATALOG_COMPILER_GENERATE_SWIFT_ASSET_SYMBOL_EXTENSIONS = YES;
				CLANG_ANALYZER_NONNULL = YES;
				CLANG_ANALYZER_NUMBER_OBJECT_CONVERSION = YES_AGGRESSIVE;
				CLANG_CXX_LANGUAGE_STANDARD = "gnu++20";
				CLANG_ENABLE_MODULES = YES;
				CLANG_ENABLE_OBJC_ARC = YES;
				CLANG_ENABLE_OBJC_WEAK = YES;
				CLANG_WARN_BLOCK_CAPTURE_AUTORELEASING = YES;
				CLANG_WARN_BOOL_CONVERSION = YES;
				CLANG_WARN_COMMA = YES;
				CLANG_WARN_CONSTANT_CONVERSION = YES;
				CLANG_WARN_DEPRECATED_OBJC_IMPLEMENTATIONS = YES;
				CLANG_WARN_DIRECT_OBJC_ISA_USAGE = YES_ERROR;
				CLANG_WARN_DOCUMENTATION_COMMENTS = YES;
				CLANG_WARN_EMPTY_BODY = YES;
				CLANG_WARN_ENUM_CONVERSION = YES;
				CLANG_WARN_INFINITE_RECURSION = YES;
				CLANG_WARN_INT_CONVERSION = YES;
				CLANG_WARN_NON_LITERAL_NULL_CONVERSION = YES;
				CLANG_WARN_OBJC_IMPLICIT_RETAIN_SELF = YES;
				CLANG_WARN_OBJC_LITERAL_CONVERSION = YES;
				CLANG_WARN_OBJC_ROOT_CLASS = YES_ERROR;
				CLANG_WARN_QUOTED_INCLUDE_IN_FRAMEWORK_HEADER = YES;
				CLANG_WARN_RANGE_LOOP_ANALYSIS = YES;
				CLANG_WARN_STRICT_PROTOTYPES = YES;
				CLANG_WARN_SUSPICIOUS_MOVE = YES;
				CLANG_WARN_UNGUARDED_AVAILABILITY = YES_AGGRESSIVE;
				CLANG_WARN_UNREACHABLE_CODE = YES;
				CLANG_WARN__DUPLICATE_METHOD_MATCH = YES;
				COPY_PHASE_STRIP = NO;
				DEBUG_INFORMATION_FORMAT = "dwarf-with-dsym";
				ENABLE_NS_ASSERTIONS = NO;
				ENABLE_STRICT_OBJC_MSGSEND = YES;
				ENABLE_USER_SCRIPT_SANDBOXING = YES;
				GCC_C_LANGUAGE_STANDARD = gnu17;
				GCC_NO_COMMON_BLOCKS = YES;
				GCC_WARN_64_TO_32_BIT_CONVERSION = YES;
				GCC_WARN_ABOUT_RETURN_TYPE = YES_ERROR;
				GCC_WARN_UNDECLARED_SELECTOR = YES;
				GCC_WARN_UNINITIALIZED_AUTOS = YES_AGGRESSIVE;
				GCC_WARN_UNUSED_FUNCTION = YES;
				GCC_WARN_UNUSED_VARIABLE = YES;
				IPHONEOS_DEPLOYMENT_TARGET = 17.2;
				LOCALIZATION_PREFERS_STRING_CATALOGS = YES;
				MTL_ENABLE_DEBUG_INFO = NO;
				MTL_FAST_MATH = YES;
				SDKROOT = iphoneos;
				SWIFT_COMPILATION_MODE = wholemodule;
				VALIDATE_PRODUCT = YES;
			};
			name = Release;
		};
		11BC197C2B96905700CCCBCE /* Debug */ = {
			isa = XCBuildConfiguration;
			buildSettings = {
				ASSETCATALOG_COMPILER_APPICON_NAME = AppIcon;
				ASSETCATALOG_COMPILER_GLOBAL_ACCENT_COLOR_NAME = AccentColor;
				CODE_SIGN_STYLE = Automatic;
				CURRENT_PROJECT_VERSION = 1;
				DEVELOPMENT_ASSET_PATHS = "\"RecipAI/Preview Content\"";
				DEVELOPMENT_TEAM = RCTK93B467;
				ENABLE_PREVIEWS = YES;
				GENERATE_INFOPLIST_FILE = YES;
				INFOPLIST_FILE = RecipAI/Info.plist;
				INFOPLIST_KEY_NSCameraUsageDescription = "o capture food images";
				INFOPLIST_KEY_NSPhotoLibraryUsageDescription = "This app requires access to the photo library to select images.";
				INFOPLIST_KEY_UIApplicationSupportsIndirectInputEvents = YES;
				INFOPLIST_KEY_UILaunchScreen_Generation = YES;
				INFOPLIST_KEY_UISupportedInterfaceOrientations_iPad = "UIInterfaceOrientationPortrait UIInterfaceOrientationPortraitUpsideDown UIInterfaceOrientationLandscapeLeft UIInterfaceOrientationLandscapeRight";
				INFOPLIST_KEY_UISupportedInterfaceOrientations_iPhone = "UIInterfaceOrientationPortrait UIInterfaceOrientationLandscapeLeft UIInterfaceOrientationLandscapeRight";
				LD_RUNPATH_SEARCH_PATHS = (
					"$(inherited)",
					"@executable_path/Frameworks",
				);
				MARKETING_VERSION = 1.0;
				PRODUCT_BUNDLE_IDENTIFIER = OhaikoStudio.RecipAI;
				PRODUCT_NAME = "$(TARGET_NAME)";
				SWIFT_EMIT_LOC_STRINGS = YES;
				SWIFT_VERSION = 5.0;
				TARGETED_DEVICE_FAMILY = "1,2";
			};
			name = Debug;
		};
		11BC197D2B96905700CCCBCE /* Release */ = {
			isa = XCBuildConfiguration;
			buildSettings = {
				ASSETCATALOG_COMPILER_APPICON_NAME = AppIcon;
				ASSETCATALOG_COMPILER_GLOBAL_ACCENT_COLOR_NAME = AccentColor;
				CODE_SIGN_STYLE = Automatic;
				CURRENT_PROJECT_VERSION = 1;
				DEVELOPMENT_ASSET_PATHS = "\"RecipAI/Preview Content\"";
				DEVELOPMENT_TEAM = RCTK93B467;
				ENABLE_PREVIEWS = YES;
				GENERATE_INFOPLIST_FILE = YES;
				INFOPLIST_FILE = RecipAI/Info.plist;
				INFOPLIST_KEY_NSCameraUsageDescription = "o capture food images";
				INFOPLIST_KEY_NSPhotoLibraryUsageDescription = "This app requires access to the photo library to select images.";
				INFOPLIST_KEY_UIApplicationSupportsIndirectInputEvents = YES;
				INFOPLIST_KEY_UILaunchScreen_Generation = YES;
				INFOPLIST_KEY_UISupportedInterfaceOrientations_iPad = "UIInterfaceOrientationPortrait UIInterfaceOrientationPortraitUpsideDown UIInterfaceOrientationLandscapeLeft UIInterfaceOrientationLandscapeRight";
				INFOPLIST_KEY_UISupportedInterfaceOrientations_iPhone = "UIInterfaceOrientationPortrait UIInterfaceOrientationLandscapeLeft UIInterfaceOrientationLandscapeRight";
				LD_RUNPATH_SEARCH_PATHS = (
					"$(inherited)",
					"@executable_path/Frameworks",
				);
				MARKETING_VERSION = 1.0;
				PRODUCT_BUNDLE_IDENTIFIER = OhaikoStudio.RecipAI;
				PRODUCT_NAME = "$(TARGET_NAME)";
				SWIFT_EMIT_LOC_STRINGS = YES;
				SWIFT_VERSION = 5.0;
				TARGETED_DEVICE_FAMILY = "1,2";
			};
			name = Release;
		};
/* End XCBuildConfiguration section */

/* Begin XCConfigurationList section */
		11BC19682B96905600CCCBCE /* Build configuration list for PBXProject "RecipAI" */ = {
			isa = XCConfigurationList;
			buildConfigurations = (
				11BC19792B96905700CCCBCE /* Debug */,
				11BC197A2B96905700CCCBCE /* Release */,
			);
			defaultConfigurationIsVisible = 0;
			defaultConfigurationName = Release;
		};
		11BC197B2B96905700CCCBCE /* Build configuration list for PBXNativeTarget "RecipAI" */ = {
			isa = XCConfigurationList;
			buildConfigurations = (
				11BC197C2B96905700CCCBCE /* Debug */,
				11BC197D2B96905700CCCBCE /* Release */,
			);
			defaultConfigurationIsVisible = 0;
			defaultConfigurationName = Release;
		};
/* End XCConfigurationList section */

/* Begin XCRemoteSwiftPackageReference section */
		11AEF6FB2B996FA300E3BC46 /* XCRemoteSwiftPackageReference "cloudinary_ios" */ = {
			isa = XCRemoteSwiftPackageReference;
			repositoryURL = "https://github.com/cloudinary/cloudinary_ios.git";
			requirement = {
				kind = upToNextMajorVersion;
				minimumVersion = 4.5.0;
			};
		};
/* End XCRemoteSwiftPackageReference section */

/* Begin XCSwiftPackageProductDependency section */
		11AEF6FC2B996FA300E3BC46 /* Cloudinary */ = {
			isa = XCSwiftPackageProductDependency;
			package = 11AEF6FB2B996FA300E3BC46 /* XCRemoteSwiftPackageReference "cloudinary_ios" */;
			productName = Cloudinary;
		};
/* End XCSwiftPackageProductDependency section */
	};
	rootObject = 11BC19652B96905600CCCBCE /* Project object */;
}
